
Microsoft Visual Studio Solution File, Format Version 12.00
# Visual Studio 14
VisualStudioVersion = 14.0.22823.1
MinimumVisualStudioVersion = 10.0.40219.1
Project("{FAE04EC0-301F-11D3-BF4B-00C04F79EFBC}") = "MapEditor_Tilemap", "MapEditor_Tilemap\MapEditor_Tilemap.csproj", "{10F1DA0C-27E5-424D-A78D-6830AB0F37F2}"
EndProject
Project("{FAE04EC0-301F-11D3-BF4B-00C04F79EFBC}") = "PluginContracts", "PluginContracts\PluginContracts.csproj", "{73DA6549-15AF-4047-B9F4-0F310E0DD1D7}"
EndProject
Project("{FAE04EC0-301F-11D3-BF4B-00C04F79EFBC}") = "Common", "Common\Common.csproj", "{B9D44ABC-6832-4A9E-ACFF-0C1D65DCBE16}"
EndProject
Project("{FAE04EC0-301F-11D3-BF4B-00C04F79EFBC}") = "PluginLoader", "PluginLoader\PluginLoader.csproj", "{B6482A55-E439-4EA5-A6F6-F9CEB27EABBA}"
EndProject
Project("{FAE04EC0-301F-11D3-BF4B-00C04F79EFBC}") = "PluginExportTMap", "PluginExportTMap\PluginExportTMap.csproj", "{790784A8-4359-47A0-A0F8-1D8B72D9D9D5}"
EndProject
Project("{FAE04EC0-301F-11D3-BF4B-00C04F79EFBC}") = "PluginExportTestMap", "PluginExportTestMap\PluginExportTestMap.csproj", "{4751B977-3EBC-42BA-9074-FF9195A2AE39}"
EndProject
Global
	GlobalSection(SolutionConfigurationPlatforms) = preSolution
		Debug|Any CPU = Debug|Any CPU
		Debug|x86 = Debug|x86
		Release|Any CPU = Release|Any CPU
		Release|x86 = Release|x86
	EndGlobalSection
	GlobalSection(ProjectConfigurationPlatforms) = postSolution
		{10F1DA0C-27E5-424D-A78D-6830AB0F37F2}.Debug|Any CPU.ActiveCfg = Debug|x86
		{10F1DA0C-27E5-424D-A78D-6830AB0F37F2}.Debug|x86.ActiveCfg = Debug|x86
		{10F1DA0C-27E5-424D-A78D-6830AB0F37F2}.Debug|x86.Build.0 = Debug|x86
		{10F1DA0C-27E5-424D-A78D-6830AB0F37F2}.Release|Any CPU.ActiveCfg = Release|x86
		{10F1DA0C-27E5-424D-A78D-6830AB0F37F2}.Release|x86.ActiveCfg = Release|x86
		{10F1DA0C-27E5-424D-A78D-6830AB0F37F2}.Release|x86.Build.0 = Release|x86
		{73DA6549-15AF-4047-B9F4-0F310E0DD1D7}.Debug|Any CPU.ActiveCfg = Debug|Any CPU
		{73DA6549-15AF-4047-B9F4-0F310E0DD1D7}.Debug|Any CPU.Build.0 = Debug|Any CPU
		{73DA6549-15AF-4047-B9F4-0F310E0DD1D7}.Debug|x86.ActiveCfg = Debug|Any CPU
		{73DA6549-15AF-4047-B9F4-0F310E0DD1D7}.Debug|x86.Build.0 = Debug|Any CPU
		{73DA6549-15AF-4047-B9F4-0F310E0DD1D7}.Release|Any CPU.ActiveCfg = Release|Any CPU
		{73DA6549-15AF-4047-B9F4-0F310E0DD1D7}.Release|Any CPU.Build.0 = Release|Any CPU
		{73DA6549-15AF-4047-B9F4-0F310E0DD1D7}.Release|x86.ActiveCfg = Release|Any CPU
		{73DA6549-15AF-4047-B9F4-0F310E0DD1D7}.Release|x86.Build.0 = Release|Any CPU
		{B9D44ABC-6832-4A9E-ACFF-0C1D65DCBE16}.Debug|Any CPU.ActiveCfg = Debug|Any CPU
		{B9D44ABC-6832-4A9E-ACFF-0C1D65DCBE16}.Debug|Any CPU.Build.0 = Debug|Any CPU
		{B9D44ABC-6832-4A9E-ACFF-0C1D65DCBE16}.Debug|x86.ActiveCfg = Debug|Any CPU
		{B9D44ABC-6832-4A9E-ACFF-0C1D65DCBE16}.Debug|x86.Build.0 = Debug|Any CPU
		{B9D44ABC-6832-4A9E-ACFF-0C1D65DCBE16}.Release|Any CPU.ActiveCfg = Release|Any CPU
		{B9D44ABC-6832-4A9E-ACFF-0C1D65DCBE16}.Release|Any CPU.Build.0 = Release|Any CPU
		{B9D44ABC-6832-4A9E-ACFF-0C1D65DCBE16}.Release|x86.ActiveCfg = Release|Any CPU
		{B9D44ABC-6832-4A9E-ACFF-0C1D65DCBE16}.Release|x86.Build.0 = Release|Any CPU
		{B6482A55-E439-4EA5-A6F6-F9CEB27EABBA}.Debug|Any CPU.ActiveCfg = Debug|Any CPU
		{B6482A55-E439-4EA5-A6F6-F9CEB27EABBA}.Debug|Any CPU.Build.0 = Debug|Any CPU
		{B6482A55-E439-4EA5-A6F6-F9CEB27EABBA}.Debug|x86.ActiveCfg = Debug|Any CPU
		{B6482A55-E439-4EA5-A6F6-F9CEB27EABBA}.Debug|x86.Build.0 = Debug|Any CPU
		{B6482A55-E439-4EA5-A6F6-F9CEB27EABBA}.Release|Any CPU.ActiveCfg = Release|Any CPU
		{B6482A55-E439-4EA5-A6F6-F9CEB27EABBA}.Release|Any CPU.Build.0 = Release|Any CPU
		{B6482A55-E439-4EA5-A6F6-F9CEB27EABBA}.Release|x86.ActiveCfg = Release|Any CPU
		{B6482A55-E439-4EA5-A6F6-F9CEB27EABBA}.Release|x86.Build.0 = Release|Any CPU
		{790784A8-4359-47A0-A0F8-1D8B72D9D9D5}.Debug|Any CPU.ActiveCfg = Debug|Any CPU
		{790784A8-4359-47A0-A0F8-1D8B72D9D9D5}.Debug|Any CPU.Build.0 = Debug|Any CPU
		{790784A8-4359-47A0-A0F8-1D8B72D9D9D5}.Debug|x86.ActiveCfg = Debug|Any CPU
		{790784A8-4359-47A0-A0F8-1D8B72D9D9D5}.Debug|x86.Build.0 = Debug|Any CPU
		{790784A8-4359-47A0-A0F8-1D8B72D9D9D5}.Release|Any CPU.ActiveCfg = Release|Any CPU
		{790784A8-4359-47A0-A0F8-1D8B72D9D9D5}.Release|Any CPU.Build.0 = Release|Any CPU
		{790784A8-4359-47A0-A0F8-1D8B72D9D9D5}.Release|x86.ActiveCfg = Release|Any CPU
		{790784A8-4359-47A0-A0F8-1D8B72D9D9D5}.Release|x86.Build.0 = Release|Any CPU
		{4751B977-3EBC-42BA-9074-FF9195A2AE39}.Debug|Any CPU.ActiveCfg = Debug|Any CPU
		{4751B977-3EBC-42BA-9074-FF9195A2AE39}.Debug|Any CPU.Build.0 = Debug|Any CPU
		{4751B977-3EBC-42BA-9074-FF9195A2AE39}.Debug|x86.ActiveCfg = Debug|Any CPU
		{4751B977-3EBC-42BA-9074-FF9195A2AE39}.Debug|x86.Build.0 = Debug|Any CPU
		{4751B977-3EBC-42BA-9074-FF9195A2AE39}.Release|Any CPU.ActiveCfg = Release|Any CPU
		{4751B977-3EBC-42BA-9074-FF9195A2AE39}.Release|Any CPU.Build.0 = Release|Any CPU
		{4751B977-3EBC-42BA-9074-FF9195A2AE39}.Release|x86.ActiveCfg = Release|Any CPU
		{4751B977-3EBC-42BA-9074-FF9195A2AE39}.Release|x86.Build.0 = Release|Any CPU
	EndGlobalSection
	GlobalSection(SolutionProperties) = preSolution
		HideSolutionNode = FALSE
	EndGlobalSection
EndGlobal
